// !$*UTF8*$!
{
	archiveVersion = 1;
	classes = {
	};
	objectVersion = 46;
	objects = {

/* Begin PBXBuildFile section */
		96B302C01F5543C200A3D79B /* main.m in Sources */ = {isa = PBXBuildFile; fileRef = 96B302BF1F5543C200A3D79B /* main.m */; };
		96B302C31F5543C200A3D79B /* AppDelegate.m in Sources */ = {isa = PBXBuildFile; fileRef = 96B302C21F5543C200A3D79B /* AppDelegate.m */; };
		96B302C61F5543C200A3D79B /* ViewController.m in Sources */ = {isa = PBXBuildFile; fileRef = 96B302C51F5543C200A3D79B /* ViewController.m */; };
		96B302C91F5543C200A3D79B /* Main.storyboard in Resources */ = {isa = PBXBuildFile; fileRef = 96B302C71F5543C200A3D79B /* Main.storyboard */; };
		96B302CB1F5543C200A3D79B /* Assets.xcassets in Resources */ = {isa = PBXBuildFile; fileRef = 96B302CA1F5543C200A3D79B /* Assets.xcassets */; };
		96B302CE1F5543C200A3D79B /* LaunchScreen.storyboard in Resources */ = {isa = PBXBuildFile; fileRef = 96B302CC1F5543C200A3D79B /* LaunchScreen.storyboard */; };
		96B302D91F5543C200A3D79B /* AdapterTests.m in Sources */ = {isa = PBXBuildFile; fileRef = 96B302D81F5543C200A3D79B /* AdapterTests.m */; };
		96B302E41F5543C200A3D79B /* AdapterUITests.m in Sources */ = {isa = PBXBuildFile; fileRef = 96B302E31F5543C200A3D79B /* AdapterUITests.m */; };
		96B302F31F55459F00A3D79B /* TestTableAdapter.m in Sources */ = {isa = PBXBuildFile; fileRef = 96B302F21F55459F00A3D79B /* TestTableAdapter.m */; };
/* End PBXBuildFile section */

/* Begin PBXContainerItemProxy section */
		96B302D51F5543C200A3D79B /* PBXContainerItemProxy */ = {
			isa = PBXContainerItemProxy;
			containerPortal = 96B302B31F5543C100A3D79B /* Project object */;
			proxyType = 1;
			remoteGlobalIDString = 96B302BA1F5543C100A3D79B;
			remoteInfo = Adapter;
		};
		96B302E01F5543C200A3D79B /* PBXContainerItemProxy */ = {
			isa = PBXContainerItemProxy;
			containerPortal = 96B302B31F5543C100A3D79B /* Project object */;
			proxyType = 1;
			remoteGlobalIDString = 96B302BA1F5543C100A3D79B;
			remoteInfo = Adapter;
		};
/* End PBXContainerItemProxy section */

/* Begin PBXFileReference section */
		96B302BB1F5543C100A3D79B /* Adapter.app */ = {isa = PBXFileReference; explicitFileType = wrapper.application; includeInIndex = 0; path = Adapter.app; sourceTree = BUILT_PRODUCTS_DIR; };
		96B302BF1F5543C200A3D79B /* main.m */ = {isa = PBXFileReference; lastKnownFileType = sourcecode.c.objc; path = main.m; sourceTree = "<group>"; };
		96B302C11F5543C200A3D79B /* AppDelegate.h */ = {isa = PBXFileReference; lastKnownFileType = sourcecode.c.h; path = AppDelegate.h; sourceTree = "<group>"; };
		96B302C21F5543C200A3D79B /* AppDelegate.m */ = {isa = PBXFileReference; lastKnownFileType = sourcecode.c.objc; path = AppDelegate.m; sourceTree = "<group>"; };
		96B302C41F5543C200A3D79B /* ViewController.h */ = {isa = PBXFileReference; lastKnownFileType = sourcecode.c.h; path = ViewController.h; sourceTree = "<group>"; };
		96B302C51F5543C200A3D79B /* ViewController.m */ = {isa = PBXFileReference; lastKnownFileType = sourcecode.c.objc; path = ViewController.m; sourceTree = "<group>"; };
		96B302C81F5543C200A3D79B /* Base */ = {isa = PBXFileReference; lastKnownFileType = file.storyboard; name = Base; path = Base.lproj/Main.storyboard; sourceTree = "<group>"; };
		96B302CA1F5543C200A3D79B /* Assets.xcassets */ = {isa = PBXFileReference; lastKnownFileType = folder.assetcatalog; path = Assets.xcassets; sourceTree = "<group>"; };
		96B302CD1F5543C200A3D79B /* Base */ = {isa = PBXFileReference; lastKnownFileType = file.storyboard; name = Base; path = Base.lproj/LaunchScreen.storyboard; sourceTree = "<group>"; };
		96B302CF1F5543C200A3D79B /* Info.plist */ = {isa = PBXFileReference; lastKnownFileType = text.plist.xml; path = Info.plist; sourceTree = "<group>"; };
		96B302D41F5543C200A3D79B /* AdapterTests.xctest */ = {isa = PBXFileReference; explicitFileType = wrapper.cfbundle; includeInIndex = 0; path = AdapterTests.xctest; sourceTree = BUILT_PRODUCTS_DIR; };
		96B302D81F5543C200A3D79B /* AdapterTests.m */ = {isa = PBXFileReference; lastKnownFileType = sourcecode.c.objc; path = AdapterTests.m; sourceTree = "<group>"; };
		96B302DA1F5543C200A3D79B /* Info.plist */ = {isa = PBXFileReference; lastKnownFileType = text.plist.xml; path = Info.plist; sourceTree = "<group>"; };
		96B302DF1F5543C200A3D79B /* AdapterUITests.xctest */ = {isa = PBXFileReference; explicitFileType = wrapper.cfbundle; includeInIndex = 0; path = AdapterUITests.xctest; sourceTree = BUILT_PRODUCTS_DIR; };
		96B302E31F5543C200A3D79B /* AdapterUITests.m */ = {isa = PBXFileReference; lastKnownFileType = sourcecode.c.objc; path = AdapterUITests.m; sourceTree = "<group>"; };
		96B302E51F5543C200A3D79B /* Info.plist */ = {isa = PBXFileReference; lastKnownFileType = text.plist.xml; path = Info.plist; sourceTree = "<group>"; };
		96B302F11F55459F00A3D79B /* TestTableAdapter.h */ = {isa = PBXFileReference; fileEncoding = 4; lastKnownFileType = sourcecode.c.h; path = TestTableAdapter.h; sourceTree = "<group>"; };
		96B302F21F55459F00A3D79B /* TestTableAdapter.m */ = {isa = PBXFileReference; fileEncoding = 4; lastKnownFileType = sourcecode.c.objc; path = TestTableAdapter.m; sourceTree = "<group>"; };
/* End PBXFileReference section */

/* Begin PBXFrameworksBuildPhase section */
		96B302B81F5543C100A3D79B /* Frameworks */ = {
			isa = PBXFrameworksBuildPhase;
			buildActionMask = 2147483647;
			files = (
			);
			runOnlyForDeploymentPostprocessing = 0;
		};
		96B302D11F5543C200A3D79B /* Frameworks */ = {
			isa = PBXFrameworksBuildPhase;
			buildActionMask = 2147483647;
			files = (
			);
			runOnlyForDeploymentPostprocessing = 0;
		};
		96B302DC1F5543C200A3D79B /* Frameworks */ = {
			isa = PBXFrameworksBuildPhase;
			buildActionMask = 2147483647;
			files = (
			);
			runOnlyForDeploymentPostprocessing = 0;
		};
/* End PBXFrameworksBuildPhase section */

/* Begin PBXGroup section */
		96B302B21F5543C100A3D79B = {
			isa = PBXGroup;
			children = (
				96B302BD1F5543C200A3D79B /* Adapter */,
				96B302D71F5543C200A3D79B /* AdapterTests */,
				96B302E21F5543C200A3D79B /* AdapterUITests */,
				96B302BC1F5543C100A3D79B /* Products */,
			);
			sourceTree = "<group>";
		};
		96B302BC1F5543C100A3D79B /* Products */ = {
			isa = PBXGroup;
			children = (
				96B302BB1F5543C100A3D79B /* Adapter.app */,
				96B302D41F5543C200A3D79B /* AdapterTests.xctest */,
				96B302DF1F5543C200A3D79B /* AdapterUITests.xctest */,
			);
			name = Products;
			sourceTree = "<group>";
		};
		96B302BD1F5543C200A3D79B /* Adapter */ = {
			isa = PBXGroup;
			children = (
				96B302F11F55459F00A3D79B /* TestTableAdapter.h */,
				96B302F21F55459F00A3D79B /* TestTableAdapter.m */,
				96B302C11F5543C200A3D79B /* AppDelegate.h */,
				96B302C21F5543C200A3D79B /* AppDelegate.m */,
				96B302C41F5543C200A3D79B /* ViewController.h */,
				96B302C51F5543C200A3D79B /* ViewController.m */,
				96B302C71F5543C200A3D79B /* Main.storyboard */,
				96B302CA1F5543C200A3D79B /* Assets.xcassets */,
				96B302CC1F5543C200A3D79B /* LaunchScreen.storyboard */,
				96B302CF1F5543C200A3D79B /* Info.plist */,
				96B302BE1F5543C200A3D79B /* Supporting Files */,
			);
			path = Adapter;
			sourceTree = "<group>";
		};
		96B302BE1F5543C200A3D79B /* Supporting Files */ = {
			isa = PBXGroup;
			children = (
				96B302BF1F5543C200A3D79B /* main.m */,
			);
			name = "Supporting Files";
			sourceTree = "<group>";
		};
		96B302D71F5543C200A3D79B /* AdapterTests */ = {
			isa = PBXGroup;
			children = (
				96B302D81F5543C200A3D79B /* AdapterTests.m */,
				96B302DA1F5543C200A3D79B /* Info.plist */,
			);
			path = AdapterTests;
			sourceTree = "<group>";
		};
		96B302E21F5543C200A3D79B /* AdapterUITests */ = {
			isa = PBXGroup;
			children = (
				96B302E31F5543C200A3D79B /* AdapterUITests.m */,
				96B302E51F5543C200A3D79B /* Info.plist */,
			);
			path = AdapterUITests;
			sourceTree = "<group>";
		};
/* End PBXGroup section */

/* Begin PBXNativeTarget section */
		96B302BA1F5543C100A3D79B /* Adapter */ = {
			isa = PBXNativeTarget;
			buildConfigurationList = 96B302E81F5543C200A3D79B /* Build configuration list for PBXNativeTarget "Adapter" */;
			buildPhases = (
				96B302B71F5543C100A3D79B /* Sources */,
				96B302B81F5543C100A3D79B /* Frameworks */,
				96B302B91F5543C100A3D79B /* Resources */,
			);
			buildRules = (
			);
			dependencies = (
			);
			name = Adapter;
			productName = Adapter;
			productReference = 96B302BB1F5543C100A3D79B /* Adapter.app */;
			productType = "com.apple.product-type.application";
		};
		96B302D31F5543C200A3D79B /* AdapterTests */ = {
			isa = PBXNativeTarget;
			buildConfigurationList = 96B302EB1F5543C200A3D79B /* Build configuration list for PBXNativeTarget "AdapterTests" */;
			buildPhases = (
				96B302D01F5543C200A3D79B /* Sources */,
				96B302D11F5543C200A3D79B /* Frameworks */,
				96B302D21F5543C200A3D79B /* Resources */,
			);
			buildRules = (
			);
			dependencies = (
				96B302D61F5543C200A3D79B /* PBXTargetDependency */,
			);
			name = AdapterTests;
			productName = AdapterTests;
			productReference = 96B302D41F5543C200A3D79B /* AdapterTests.xctest */;
			productType = "com.apple.product-type.bundle.unit-test";
		};
		96B302DE1F5543C200A3D79B /* AdapterUITests */ = {
			isa = PBXNativeTarget;
			buildConfigurationList = 96B302EE1F5543C200A3D79B /* Build configuration list for PBXNativeTarget "AdapterUITests" */;
			buildPhases = (
				96B302DB1F5543C200A3D79B /* Sources */,
				96B302DC1F5543C200A3D79B /* Frameworks */,
				96B302DD1F5543C200A3D79B /* Resources */,
			);
			buildRules = (
			);
			dependencies = (
				96B302E11F5543C200A3D79B /* PBXTargetDependency */,
			);
			name = AdapterUITests;
			productName = AdapterUITests;
			productReference = 96B302DF1F5543C200A3D79B /* AdapterUITests.xctest */;
			productType = "com.apple.product-type.bundle.ui-testing";
		};
/* End PBXNativeTarget section */

/* Begin PBXProject section */
		96B302B31F5543C100A3D79B /* Project object */ = {
			isa = PBXProject;
			attributes = {
				LastUpgradeCheck = 0820;
				ORGANIZATIONNAME = my;
				TargetAttributes = {
					96B302BA1F5543C100A3D79B = {
						CreatedOnToolsVersion = 8.2.1;
						DevelopmentTeam = XCUWZ5UDQD;
						ProvisioningStyle = Automatic;
					};
					96B302D31F5543C200A3D79B = {
						CreatedOnToolsVersion = 8.2.1;
						DevelopmentTeam = XCUWZ5UDQD;
						ProvisioningStyle = Automatic;
						TestTargetID = 96B302BA1F5543C100A3D79B;
					};
					96B302DE1F5543C200A3D79B = {
						CreatedOnToolsVersion = 8.2.1;
						DevelopmentTeam = XCUWZ5UDQD;
						ProvisioningStyle = Automatic;
						TestTargetID = 96B302BA1F5543C100A3D79B;
					};
				};
			};
			buildConfigurationList = 96B302B61F5543C100A3D79B /* Build configuration list for PBXProject "Adapter" */;
			compatibilityVersion = "Xcode 3.2";
			developmentRegion = English;
			hasScannedForEncodings = 0;
			knownRegions = (
				en,
				Base,
			);
			mainGroup = 96B302B21F5543C100A3D79B;
			productRefGroup = 96B302BC1F5543C100A3D79B /* Products */;
			projectDirPath = "";
			projectRoot = "";
			targets = (
				96B302BA1F5543C100A3D79B /* Adapter */,
				96B302D31F5543C200A3D79B /* AdapterTests */,
				96B302DE1F5543C200A3D79B /* AdapterUITests */,
			);
		};
/* End PBXProject section */

/* Begin PBXResourcesBuildPhase section */
		96B302B91F5543C100A3D79B /* Resources */ = {
			isa = PBXResourcesBuildPhase;
			buildActionMask = 2147483647;
			files = (
				96B302CE1F5543C200A3D79B /* LaunchScreen.storyboard in Resources */,
				96B302CB1F5543C200A3D79B /* Assets.xcassets in Resources */,
				96B302C91F5543C200A3D79B /* Main.storyboard in Resources */,
			);
			runOnlyForDeploymentPostprocessing = 0;
		};
		96B302D21F5543C200A3D79B /* Resources */ = {
			isa = PBXResourcesBuildPhase;
			buildActionMask = 2147483647;
			files = (
			);
			runOnlyForDeploymentPostprocessing = 0;
		};
		96B302DD1F5543C200A3D79B /* Resources */ = {
			isa = PBXResourcesBuildPhase;
			buildActionMask = 2147483647;
			files = (
			);
			runOnlyForDeploymentPostprocessing = 0;
		};
/* End PBXResourcesBuildPhase section */

/* Begin PBXSourcesBuildPhase section */
		96B302B71F5543C100A3D79B /* Sources */ = {
			isa = PBXSourcesBuildPhase;
			buildActionMask = 2147483647;
			files = (
				96B302C61F5543C200A3D79B /* ViewController.m in Sources */,
				96B302C31F5543C200A3D79B /* AppDelegate.m in Sources */,
				96B302F31F55459F00A3D79B /* TestTableAdapter.m in Sources */,
				96B302C01F5543C200A3D79B /* main.m in Sources */,
			);
			runOnlyForDeploymentPostprocessing = 0;
		};
		96B302D01F5543C200A3D79B /* Sources */ = {
			isa = PBXSourcesBuildPhase;
			buildActionMask = 2147483647;
			files = (
				96B302D91F5543C200A3D79B /* AdapterTests.m in Sources */,
			);
			runOnlyForDeploymentPostprocessing = 0;
		};
		96B302DB1F5543C200A3D79B /* Sources */ = {
			isa = PBXSourcesBuildPhase;
			buildActionMask = 2147483647;
			files = (
				96B302E41F5543C200A3D79B /* AdapterUITests.m in Sources */,
			);
			runOnlyForDeploymentPostprocessing = 0;
		};
/* End PBXSourcesBuildPhase section */

/* Begin PBXTargetDependency section */
		96B302D61F5543C200A3D79B /* PBXTargetDependency */ = {
			isa = PBXTargetDependency;
			target = 96B302BA1F5543C100A3D79B /* Adapter */;
			targetProxy = 96B302D51F5543C200A3D79B /* PBXContainerItemProxy */;
		};
		96B302E11F5543C200A3D79B /* PBXTargetDependency */ = {
			isa = PBXTargetDependency;
			target = 96B302BA1F5543C100A3D79B /* Adapter */;
			targetProxy = 96B302E01F5543C200A3D79B /* PBXContainerItemProxy */;
		};
/* End PBXTargetDependency section */

/* Begin PBXVariantGroup section */
		96B302C71F5543C200A3D79B /* Main.storyboard */ = {
			isa = PBXVariantGroup;
			children = (
				96B302C81F5543C200A3D79B /* Base */,
			);
			name = Main.storyboard;
			sourceTree = "<group>";
		};
		96B302CC1F5543C200A3D79B /* LaunchScreen.storyboard */ = {
			isa = PBXVariantGroup;
			children = (
				96B302CD1F5543C200A3D79B /* Base */,
			);
			name = LaunchScreen.storyboard;
			sourceTree = "<group>";
		};
/* End PBXVariantGroup section */

/* Begin XCBuildConfiguration section */
		96B302E61F5543C200A3D79B /* Debug */ = {
			isa = XCBuildConfiguration;
			buildSettings = {
				ALWAYS_SEARCH_USER_PATHS = NO;
				CLANG_ANALYZER_NONNULL = YES;
				CLANG_CXX_LANGUAGE_STANDARD = "gnu++0x";
				CLANG_CXX_LIBRARY = "libc++";
				CLANG_ENABLE_MODULES = YES;
				CLANG_ENABLE_OBJC_ARC = YES;
				CLANG_WARN_BOOL_CONVERSION = YES;
				CLANG_WARN_CONSTANT_CONVERSION = YES;
				CLANG_WARN_DIRECT_OBJC_ISA_USAGE = YES_ERROR;
				CLANG_WARN_DOCUMENTATION_COMMENTS = YES;
				CLANG_WARN_EMPTY_BODY = YES;
				CLANG_WARN_ENUM_CONVERSION = YES;
				CLANG_WARN_INFINITE_RECURSION = YES;
				CLANG_WARN_INT_CONVERSION = YES;
				CLANG_WARN_OBJC_ROOT_CLASS = YES_ERROR;
				CLANG_WARN_SUSPICIOUS_MOVE = YES;
				CLANG_WARN_UNREACHABLE_CODE = YES;
				CLANG_WARN__DUPLICATE_METHOD_MATCH = YES;
				"CODE_SIGN_IDENTITY[sdk=iphoneos*]" = "iPhone Developer";
				COPY_PHASE_STRIP = NO;
				DEBUG_INFORMATION_FORMAT = dwarf;
				ENABLE_STRICT_OBJC_MSGSEND = YES;
				ENABLE_TESTABILITY = YES;
				GCC_C_LANGUAGE_STANDARD = gnu99;
				GCC_DYNAMIC_NO_PIC = NO;
				GCC_NO_COMMON_BLOCKS = YES;
				GCC_OPTIMIZATION_LEVEL = 0;
				GCC_PREPROCESSOR_DEFINITIONS = (
					"DEBUG=1",
					"$(inherited)",
				);
				GCC_WARN_64_TO_32_BIT_CONVERSION = YES;
				GCC_WARN_ABOUT_RETURN_TYPE = YES_ERROR;
				GCC_WARN_UNDECLARED_SELECTOR = YES;
				GCC_WARN_UNINITIALIZED_AUTOS = YES_AGGRESSIVE;
				GCC_WARN_UNUSED_FUNCTION = YES;
				GCC_WARN_UNUSED_VARIABLE = YES;
				IPHONEOS_DEPLOYMENT_TARGET = 10.2;
				MTL_ENABLE_DEBUG_INFO = YES;
				ONLY_ACTIVE_ARCH = YES;
				SDKROOT = iphoneos;
				TARGETED_DEVICE_FAMILY = "1,2";
			};
			name = Debug;
		};
		96B302E71F5543C200A3D79B /* Release */ = {
			isa = XCBuildConfiguration;
			buildSettings = {
				ALWAYS_SEARCH_USER_PATHS = NO;
				CLANG_ANALYZER_NONNULL = YES;
				CLANG_CXX_LANGUAGE_STANDARD = "gnu++0x";
				CLANG_CXX_LIBRARY = "libc++";
				CLANG_ENABLE_MODULES = YES;
				CLANG_ENABLE_OBJC_ARC = YES;
				CLANG_WARN_BOOL_CONVERSION = YES;
				CLANG_WARN_CONSTANT_CONVERSION = YES;
				CLANG_WARN_DIRECT_OBJC_ISA_USAGE = YES_ERROR;
				CLANG_WARN_DOCUMENTATION_COMMENTS = YES;
				CLANG_WARN_EMPTY_BODY = YES;
				CLANG_WARN_ENUM_CONVERSION = YES;
				CLANG_WARN_INFINITE_RECURSION = YES;
				CLANG_WARN_INT_CONVERSION = YES;
				CLANG_WARN_OBJC_ROOT_CLASS = YES_ERROR;
				CLANG_WARN_SUSPICIOUS_MOVE = YES;
				CLANG_WARN_UNREACHABLE_CODE = YES;
				CLANG_WARN__DUPLICATE_METHOD_MATCH = YES;
				"CODE_SIGN_IDENTITY[sdk=iphoneos*]" = "iPhone Developer";
				COPY_PHASE_STRIP = NO;
				DEBUG_INFORMATION_FORMAT = "dwarf-with-dsym";
				ENABLE_NS_ASSERTIONS = NO;
				ENABLE_STRICT_OBJC_MSGSEND = YES;
				GCC_C_LANGUAGE_STANDARD = gnu99;
				GCC_NO_COMMON_BLOCKS = YES;
				GCC_WARN_64_TO_32_BIT_CONVERSION = YES;
				GCC_WARN_ABOUT_RETURN_TYPE = YES_ERROR;
				GCC_WARN_UNDECLARED_SELECTOR = YES;
				GCC_WARN_UNINITIALIZED_AUTOS = YES_AGGRESSIVE;
				GCC_WARN_UNUSED_FUNCTION = YES;
				GCC_WARN_UNUSED_VARIABLE = YES;
				IPHONEOS_DEPLOYMENT_TARGET = 10.2;
				MTL_ENABLE_DEBUG_INFO = NO;
				SDKROOT = iphoneos;
				TARGETED_DEVICE_FAMILY = "1,2";
				VALIDATE_PRODUCT = YES;
			};
			name = Release;
		};
		96B302E91F5543C200A3D79B /* Debug */ = {
			isa = XCBuildConfiguration;
			buildSettings = {
				ASSETCATALOG_COMPILER_APPICON_NAME = AppIcon;
				DEVELOPMENT_TEAM = XCUWZ5UDQD;
				INFOPLIST_FILE = Adapter/Info.plist;
				IPHONEOS_DEPLOYMENT_TARGET = 9.0;
				LD_RUNPATH_SEARCH_PATHS = "$(inherited) @executable_path/Frameworks";
				PRODUCT_BUNDLE_IDENTIFIER = my.Adapter;
				PRODUCT_NAME = "$(TARGET_NAME)";
			};
			name = Debug;
		};
		96B302EA1F5543C200A3D79B /* Release */ = {
			isa = XCBuildConfiguration;
			buildSettings = {
				ASSETCATALOG_COMPILER_APPICON_NAME = AppIcon;
				DEVELOPMENT_TEAM = XCUWZ5UDQD;
				INFOPLIST_FILE = Adapter/Info.plist;
				IPHONEOS_DEPLOYMENT_TARGET = 9.0;
				LD_RUNPATH_SEARCH_PATHS = "$(inherited) @executable_path/Frameworks";
				PRODUCT_BUNDLE_IDENTIFIER = my.Adapter;
				PRODUCT_NAME = "$(TARGET_NAME)";
			};
			name = Release;
		};
		96B302EC1F5543C200A3D79B /* Debug */ = {
			isa = XCBuildConfiguration;
			buildSettings = {
				BUNDLE_LOADER = "$(TEST_HOST)";
				DEVELOPMENT_TEAM = XCUWZ5UDQD;
				INFOPLIST_FILE = AdapterTests/Info.plist;
				LD_RUNPATH_SEARCH_PATHS = "$(inherited) @executable_path/Frameworks @loader_path/Frameworks";
				PRODUCT_BUNDLE_IDENTIFIER = my.AdapterTests;
				PRODUCT_NAME = "$(TARGET_NAME)";
				TEST_HOST = "$(BUILT_PRODUCTS_DIR)/Adapter.app/Adapter";
			};
			name = Debug;
		};
		96B302ED1F5543C200A3D79B /* Release */ = {
			isa = XCBuildConfiguration;
			buildSettings = {
				BUNDLE_LOADER = "$(TEST_HOST)";
				DEVELOPMENT_TEAM = XCUWZ5UDQD;
				INFOPLIST_FILE = AdapterTests/Info.plist;
				LD_RUNPATH_SEARCH_PATHS = "$(inherited) @executable_path/Frameworks @loader_path/Frameworks";
				PRODUCT_BUNDLE_IDENTIFIER = my.AdapterTests;
				PRODUCT_NAME = "$(TARGET_NAME)";
				TEST_HOST = "$(BUILT_PRODUCTS_DIR)/Adapter.app/Adapter";
			};
			name = Release;
		};
		96B302EF1F5543C200A3D79B /* Debug */ = {
			isa = XCBuildConfiguration;
			buildSettings = {
				DEVELOPMENT_TEAM = XCUWZ5UDQD;
				INFOPLIST_FILE = AdapterUITests/Info.plist;
				LD_RUNPATH_SEARCH_PATHS = "$(inherited) @executable_path/Frameworks @loader_path/Frameworks";
				PRODUCT_BUNDLE_IDENTIFIER = my.AdapterUITests;
				PRODUCT_NAME = "$(TARGET_NAME)";
				TEST_TARGET_NAME = Adapter;
			};
			name = Debug;
		};
		96B302F01F5543C200A3D79B /* Release */ = {
			isa = XCBuildConfiguration;
			buildSettings = {
				DEVELOPMENT_TEAM = XCUWZ5UDQD;
				INFOPLIST_FILE = AdapterUITests/Info.plist;
				LD_RUNPATH_SEARCH_PATHS = "$(inherited) @executable_path/Frameworks @loader_path/Frameworks";
				PRODUCT_BUNDLE_IDENTIFIER = my.AdapterUITests;
				PRODUCT_NAME = "$(TARGET_NAME)";
				TEST_TARGET_NAME = Adapter;
			};
			name = Release;
		};
/* End XCBuildConfiguration section */

/* Begin XCConfigurationList section */
		96B302B61F5543C100A3D79B /* Build configuration list for PBXProject "Adapter" */ = {
			isa = XCConfigurationList;
			buildConfigurations = (
				96B302E61F5543C200A3D79B /* Debug */,
				96B302E71F5543C200A3D79B /* Release */,
			);
			defaultConfigurationIsVisible = 0;
			defaultConfigurationName = Release;
		};
		96B302E81F5543C200A3D79B /* Build configuration list for PBXNativeTarget "Adapter" */ = {
			isa = XCConfigurationList;
			buildConfigurations = (
				96B302E91F5543C200A3D79B /* Debug */,
				96B302EA1F5543C200A3D79B /* Release */,
			);
			defaultConfigurationIsVisible = 0;
		};
		96B302EB1F5543C200A3D79B /* Build configuration list for PBXNativeTarget "AdapterTests" */ = {
			isa = XCConfigurationList;
			buildConfigurations = (
				96B302EC1F5543C200A3D79B /* Debug */,
				96B302ED1F5543C200A3D79B /* Release */,
			);
			defaultConfigurationIsVisible = 0;
		};
		96B302EE1F5543C200A3D79B /* Build configuration list for PBXNativeTarget "AdapterUITests" */ = {
			isa = XCConfigurationList;
			buildConfigurations = (
				96B302EF1F5543C200A3D79B /* Debug */,
				96B302F01F5543C200A3D79B /* Release */,
			);
			defaultConfigurationIsVisible = 0;
		};
/* End XCConfigurationList section */
	};
	rootObject = 96B302B31F5543C100A3D79B /* Project object */;
}
